// !$*UTF8*$!
{
	archiveVersion = 1;
	classes = {
	};
	objectVersion = 56;
	objects = {

/* Begin PBXBuildFile section */
		104037072A78AAFB00DE03EE /* AppDelegate.swift in Sources */ = {isa = PBXBuildFile; fileRef = 104037062A78AAFB00DE03EE /* AppDelegate.swift */; };
		104037092A78AAFB00DE03EE /* SceneDelegate.swift in Sources */ = {isa = PBXBuildFile; fileRef = 104037082A78AAFB00DE03EE /* SceneDelegate.swift */; };
		1040370B2A78AAFB00DE03EE /* MemoListViewController.swift in Sources */ = {isa = PBXBuildFile; fileRef = 1040370A2A78AAFB00DE03EE /* MemoListViewController.swift */; };
		1040370E2A78AAFB00DE03EE /* Main.storyboard in Resources */ = {isa = PBXBuildFile; fileRef = 1040370C2A78AAFB00DE03EE /* Main.storyboard */; };
		104037102A78AAFD00DE03EE /* Assets.xcassets in Resources */ = {isa = PBXBuildFile; fileRef = 1040370F2A78AAFD00DE03EE /* Assets.xcassets */; };
		104037132A78AAFD00DE03EE /* LaunchScreen.storyboard in Resources */ = {isa = PBXBuildFile; fileRef = 104037112A78AAFD00DE03EE /* LaunchScreen.storyboard */; };
		1040371B2A78B7DE00DE03EE /* CreateMemoViewController.swift in Sources */ = {isa = PBXBuildFile; fileRef = 1040371A2A78B7DE00DE03EE /* CreateMemoViewController.swift */; };
		104037212A791BB000DE03EE /* MyMemoListTableViewCell.swift in Sources */ = {isa = PBXBuildFile; fileRef = 104037202A791BB000DE03EE /* MyMemoListTableViewCell.swift */; };
		10E7B7322A80E246005DBBB5 /* TestViewController.swift in Sources */ = {isa = PBXBuildFile; fileRef = 10E7B7312A80E246005DBBB5 /* TestViewController.swift */; };
/* End PBXBuildFile section */

/* Begin PBXFileReference section */
		104037032A78AAFB00DE03EE /* MyMemo.app */ = {isa = PBXFileReference; explicitFileType = wrapper.application; includeInIndex = 0; path = MyMemo.app; sourceTree = BUILT_PRODUCTS_DIR; };
		104037062A78AAFB00DE03EE /* AppDelegate.swift */ = {isa = PBXFileReference; lastKnownFileType = sourcecode.swift; path = AppDelegate.swift; sourceTree = "<group>"; };
		104037082A78AAFB00DE03EE /* SceneDelegate.swift */ = {isa = PBXFileReference; lastKnownFileType = sourcecode.swift; path = SceneDelegate.swift; sourceTree = "<group>"; };
		1040370A2A78AAFB00DE03EE /* MemoListViewController.swift */ = {isa = PBXFileReference; lastKnownFileType = sourcecode.swift; path = MemoListViewController.swift; sourceTree = "<group>"; };
		1040370D2A78AAFB00DE03EE /* Base */ = {isa = PBXFileReference; lastKnownFileType = file.storyboard; name = Base; path = Base.lproj/Main.storyboard; sourceTree = "<group>"; };
		1040370F2A78AAFD00DE03EE /* Assets.xcassets */ = {isa = PBXFileReference; lastKnownFileType = folder.assetcatalog; path = Assets.xcassets; sourceTree = "<group>"; };
		104037122A78AAFD00DE03EE /* Base */ = {isa = PBXFileReference; lastKnownFileType = file.storyboard; name = Base; path = Base.lproj/LaunchScreen.storyboard; sourceTree = "<group>"; };
		104037142A78AAFD00DE03EE /* Info.plist */ = {isa = PBXFileReference; lastKnownFileType = text.plist.xml; path = Info.plist; sourceTree = "<group>"; };
		1040371A2A78B7DE00DE03EE /* CreateMemoViewController.swift */ = {isa = PBXFileReference; lastKnownFileType = sourcecode.swift; path = CreateMemoViewController.swift; sourceTree = "<group>"; };
		104037202A791BB000DE03EE /* MyMemoListTableViewCell.swift */ = {isa = PBXFileReference; lastKnownFileType = sourcecode.swift; path = MyMemoListTableViewCell.swift; sourceTree = "<group>"; };
		10E7B7312A80E246005DBBB5 /* TestViewController.swift */ = {isa = PBXFileReference; lastKnownFileType = sourcecode.swift; path = TestViewController.swift; sourceTree = "<group>"; };
/* End PBXFileReference section */

/* Begin PBXFrameworksBuildPhase section */
		104037002A78AAFB00DE03EE /* Frameworks */ = {
			isa = PBXFrameworksBuildPhase;
			buildActionMask = 2147483647;
			files = (
			);
			runOnlyForDeploymentPostprocessing = 0;
		};
/* End PBXFrameworksBuildPhase section */

/* Begin PBXGroup section */
		104036FA2A78AAFB00DE03EE = {
			isa = PBXGroup;
			children = (
				104037052A78AAFB00DE03EE /* MyMemo */,
				104037042A78AAFB00DE03EE /* Products */,
			);
			sourceTree = "<group>";
		};
		104037042A78AAFB00DE03EE /* Products */ = {
			isa = PBXGroup;
			children = (
				104037032A78AAFB00DE03EE /* MyMemo.app */,
			);
			name = Products;
			sourceTree = "<group>";
		};
		104037052A78AAFB00DE03EE /* MyMemo */ = {
			isa = PBXGroup;
			children = (
				104037062A78AAFB00DE03EE /* AppDelegate.swift */,
				104037082A78AAFB00DE03EE /* SceneDelegate.swift */,
				1040370C2A78AAFB00DE03EE /* Main.storyboard */,
				10E7B7312A80E246005DBBB5 /* TestViewController.swift */,
				1040370A2A78AAFB00DE03EE /* MemoListViewController.swift */,
				104037202A791BB000DE03EE /* MyMemoListTableViewCell.swift */,
				1040371A2A78B7DE00DE03EE /* CreateMemoViewController.swift */,
				1040370F2A78AAFD00DE03EE /* Assets.xcassets */,
				104037112A78AAFD00DE03EE /* LaunchScreen.storyboard */,
				104037142A78AAFD00DE03EE /* Info.plist */,
			);
			path = MyMemo;
			sourceTree = "<group>";
		};
/* End PBXGroup section */

/* Begin PBXNativeTarget section */
		104037022A78AAFB00DE03EE /* MyMemo */ = {
			isa = PBXNativeTarget;
			buildConfigurationList = 104037172A78AAFD00DE03EE /* Build configuration list for PBXNativeTarget "MyMemo" */;
			buildPhases = (
				104036FF2A78AAFB00DE03EE /* Sources */,
				104037002A78AAFB00DE03EE /* Frameworks */,
				104037012A78AAFB00DE03EE /* Resources */,
			);
			buildRules = (
			);
			dependencies = (
			);
			name = MyMemo;
			productName = MyMemo;
			productReference = 104037032A78AAFB00DE03EE /* MyMemo.app */;
			productType = "com.apple.product-type.application";
		};
/* End PBXNativeTarget section */

/* Begin PBXProject section */
		104036FB2A78AAFB00DE03EE /* Project object */ = {
			isa = PBXProject;
			attributes = {
				BuildIndependentTargetsInParallel = 1;
				LastSwiftUpdateCheck = 1430;
				LastUpgradeCheck = 1430;
				TargetAttributes = {
					104037022A78AAFB00DE03EE = {
						CreatedOnToolsVersion = 14.3.1;
					};
				};
			};
			buildConfigurationList = 104036FE2A78AAFB00DE03EE /* Build configuration list for PBXProject "MyMemo" */;
			compatibilityVersion = "Xcode 14.0";
			developmentRegion = en;
			hasScannedForEncodings = 0;
			knownRegions = (
				en,
				Base,
			);
			mainGroup = 104036FA2A78AAFB00DE03EE;
			productRefGroup = 104037042A78AAFB00DE03EE /* Products */;
			projectDirPath = "";
			projectRoot = "";
			targets = (
				104037022A78AAFB00DE03EE /* MyMemo */,
			);
		};
/* End PBXProject section */

/* Begin PBXResourcesBuildPhase section */
		104037012A78AAFB00DE03EE /* Resources */ = {
			isa = PBXResourcesBuildPhase;
			buildActionMask = 2147483647;
			files = (
				104037132A78AAFD00DE03EE /* LaunchScreen.storyboard in Resources */,
				104037102A78AAFD00DE03EE /* Assets.xcassets in Resources */,
				1040370E2A78AAFB00DE03EE /* Main.storyboard in Resources */,
			);
			runOnlyForDeploymentPostprocessing = 0;
		};
/* End PBXResourcesBuildPhase section */

/* Begin PBXSourcesBuildPhase section */
		104036FF2A78AAFB00DE03EE /* Sources */ = {
			isa = PBXSourcesBuildPhase;
			buildActionMask = 2147483647;
			files = (
				1040370B2A78AAFB00DE03EE /* MemoListViewController.swift in Sources */,
				104037072A78AAFB00DE03EE /* AppDelegate.swift in Sources */,
				1040371B2A78B7DE00DE03EE /* CreateMemoViewController.swift in Sources */,
				104037092A78AAFB00DE03EE /* SceneDelegate.swift in Sources */,
				10E7B7322A80E246005DBBB5 /* TestViewController.swift in Sources */,
				104037212A791BB000DE03EE /* MyMemoListTableViewCell.swift in Sources */,
			);
			runOnlyForDeploymentPostprocessing = 0;
		};
/* End PBXSourcesBuildPhase section */

/* Begin PBXVariantGroup section */
		1040370C2A78AAFB00DE03EE /* Main.storyboard */ = {
			isa = PBXVariantGroup;
			children = (
				1040370D2A78AAFB00DE03EE /* Base */,
			);
			name = Main.storyboard;
			sourceTree = "<group>";
		};
		104037112A78AAFD00DE03EE /* LaunchScreen.storyboard */ = {
			isa = PBXVariantGroup;
			children = (
				104037122A78AAFD00DE03EE /* Base */,
			);
			name = LaunchScreen.storyboard;
			sourceTree = "<group>";
		};
/* End PBXVariantGroup section */

/* Begin XCBuildConfiguration section */
		104037152A78AAFD00DE03EE /* Debug */ = {
			isa = XCBuildConfiguration;
			buildSettings = {
				ALWAYS_SEARCH_USER_PATHS = NO;
				CLANG_ANALYZER_NONNULL = YES;
				CLANG_ANALYZER_NUMBER_OBJECT_CONVERSION = YES_AGGRESSIVE;
				CLANG_CXX_LANGUAGE_STANDARD = "gnu++20";
				CLANG_ENABLE_MODULES = YES;
				CLANG_ENABLE_OBJC_ARC = YES;
				CLANG_ENABLE_OBJC_WEAK = YES;
				CLANG_WARN_BLOCK_CAPTURE_AUTORELEASING = YES;
				CLANG_WARN_BOOL_CONVERSION = YES;
				CLANG_WARN_COMMA = YES;
				CLANG_WARN_CONSTANT_CONVERSION = YES;
				CLANG_WARN_DEPRECATED_OBJC_IMPLEMENTATIONS = YES;
				CLANG_WARN_DIRECT_OBJC_ISA_USAGE = YES_ERROR;
				CLANG_WARN_DOCUMENTATION_COMMENTS = YES;
				CLANG_WARN_EMPTY_BODY = YES;
				CLANG_WARN_ENUM_CONVERSION = YES;
				CLANG_WARN_INFINITE_RECURSION = YES;
				CLANG_WARN_INT_CONVERSION = YES;
				CLANG_WARN_NON_LITERAL_NULL_CONVERSION = YES;
				CLANG_WARN_OBJC_IMPLICIT_RETAIN_SELF = YES;
				CLANG_WARN_OBJC_LITERAL_CONVERSION = YES;
				CLANG_WARN_OBJC_ROOT_CLASS = YES_ERROR;
				CLANG_WARN_QUOTED_INCLUDE_IN_FRAMEWORK_HEADER = YES;
				CLANG_WARN_RANGE_LOOP_ANALYSIS = YES;
				CLANG_WARN_STRICT_PROTOTYPES = YES;
				CLANG_WARN_SUSPICIOUS_MOVE = YES;
				CLANG_WARN_UNGUARDED_AVAILABILITY = YES_AGGRESSIVE;
				CLANG_WARN_UNREACHABLE_CODE = YES;
				CLANG_WARN__DUPLICATE_METHOD_MATCH = YES;
				COPY_PHASE_STRIP = NO;
				DEBUG_INFORMATION_FORMAT = dwarf;
				ENABLE_STRICT_OBJC_MSGSEND = YES;
				ENABLE_TESTABILITY = YES;
				GCC_C_LANGUAGE_STANDARD = gnu11;
				GCC_DYNAMIC_NO_PIC = NO;
				GCC_NO_COMMON_BLOCKS = YES;
				GCC_OPTIMIZATION_LEVEL = 0;
				GCC_PREPROCESSOR_DEFINITIONS = (
					"DEBUG=1",
					"$(inherited)",
				);
				GCC_WARN_64_TO_32_BIT_CONVERSION = YES;
				GCC_WARN_ABOUT_RETURN_TYPE = YES_ERROR;
				GCC_WARN_UNDECLARED_SELECTOR = YES;
				GCC_WARN_UNINITIALIZED_AUTOS = YES_AGGRESSIVE;
				GCC_WARN_UNUSED_FUNCTION = YES;
				GCC_WARN_UNUSED_VARIABLE = YES;
				IPHONEOS_DEPLOYMENT_TARGET = 16.4;
				MTL_ENABLE_DEBUG_INFO = INCLUDE_SOURCE;
				MTL_FAST_MATH = YES;
				ONLY_ACTIVE_ARCH = YES;
				SDKROOT = iphoneos;
				SWIFT_ACTIVE_COMPILATION_CONDITIONS = DEBUG;
				SWIFT_OPTIMIZATION_LEVEL = "-Onone";
			};
			name = Debug;
		};
		104037162A78AAFD00DE03EE /* Release */ = {
			isa = XCBuildConfiguration;
			buildSettings = {
				ALWAYS_SEARCH_USER_PATHS = NO;
				CLANG_ANALYZER_NONNULL = YES;
				CLANG_ANALYZER_NUMBER_OBJECT_CONVERSION = YES_AGGRESSIVE;
				CLANG_CXX_LANGUAGE_STANDARD = "gnu++20";
				CLANG_ENABLE_MODULES = YES;
				CLANG_ENABLE_OBJC_ARC = YES;
				CLANG_ENABLE_OBJC_WEAK = YES;
				CLANG_WARN_BLOCK_CAPTURE_AUTORELEASING = YES;
				CLANG_WARN_BOOL_CONVERSION = YES;
				CLANG_WARN_COMMA = YES;
				CLANG_WARN_CONSTANT_CONVERSION = YES;
				CLANG_WARN_DEPRECATED_OBJC_IMPLEMENTATIONS = YES;
				CLANG_WARN_DIRECT_OBJC_ISA_USAGE = YES_ERROR;
				CLANG_WARN_DOCUMENTATION_COMMENTS = YES;
				CLANG_WARN_EMPTY_BODY = YES;
				CLANG_WARN_ENUM_CONVERSION = YES;
				CLANG_WARN_INFINITE_RECURSION = YES;
				CLANG_WARN_INT_CONVERSION = YES;
				CLANG_WARN_NON_LITERAL_NULL_CONVERSION = YES;
				CLANG_WARN_OBJC_IMPLICIT_RETAIN_SELF = YES;
				CLANG_WARN_OBJC_LITERAL_CONVERSION = YES;
				CLANG_WARN_OBJC_ROOT_CLASS = YES_ERROR;
				CLANG_WARN_QUOTED_INCLUDE_IN_FRAMEWORK_HEADER = YES;
				CLANG_WARN_RANGE_LOOP_ANALYSIS = YES;
				CLANG_WARN_STRICT_PROTOTYPES = YES;
				CLANG_WARN_SUSPICIOUS_MOVE = YES;
				CLANG_WARN_UNGUARDED_AVAILABILITY = YES_AGGRESSIVE;
				CLANG_WARN_UNREACHABLE_CODE = YES;
				CLANG_WARN__DUPLICATE_METHOD_MATCH = YES;
				COPY_PHASE_STRIP = NO;
				DEBUG_INFORMATION_FORMAT = "dwarf-with-dsym";
				ENABLE_NS_ASSERTIONS = NO;
				ENABLE_STRICT_OBJC_MSGSEND = YES;
				GCC_C_LANGUAGE_STANDARD = gnu11;
				GCC_NO_COMMON_BLOCKS = YES;
				GCC_WARN_64_TO_32_BIT_CONVERSION = YES;
				GCC_WARN_ABOUT_RETURN_TYPE = YES_ERROR;
				GCC_WARN_UNDECLARED_SELECTOR = YES;
				GCC_WARN_UNINITIALIZED_AUTOS = YES_AGGRESSIVE;
				GCC_WARN_UNUSED_FUNCTION = YES;
				GCC_WARN_UNUSED_VARIABLE = YES;
				IPHONEOS_DEPLOYMENT_TARGET = 16.4;
				MTL_ENABLE_DEBUG_INFO = NO;
				MTL_FAST_MATH = YES;
				SDKROOT = iphoneos;
				SWIFT_COMPILATION_MODE = wholemodule;
				SWIFT_OPTIMIZATION_LEVEL = "-O";
				VALIDATE_PRODUCT = YES;
			};
			name = Release;
		};
		104037182A78AAFD00DE03EE /* Debug */ = {
			isa = XCBuildConfiguration;
			buildSettings = {
				ASSETCATALOG_COMPILER_APPICON_NAME = AppIcon;
				ASSETCATALOG_COMPILER_GLOBAL_ACCENT_COLOR_NAME = AccentColor;
				CODE_SIGN_STYLE = Automatic;
				CURRENT_PROJECT_VERSION = 1;
				DEVELOPMENT_TEAM = 7425535F6V;
				GENERATE_INFOPLIST_FILE = YES;
				INFOPLIST_FILE = MyMemo/Info.plist;
				INFOPLIST_KEY_UIApplicationSupportsIndirectInputEvents = YES;
				INFOPLIST_KEY_UILaunchStoryboardName = LaunchScreen;
				INFOPLIST_KEY_UIMainStoryboardFile = Main;
				INFOPLIST_KEY_UISupportedInterfaceOrientations_iPad = "UIInterfaceOrientationPortrait UIInterfaceOrientationPortraitUpsideDown UIInterfaceOrientationLandscapeLeft UIInterfaceOrientationLandscapeRight";
				INFOPLIST_KEY_UISupportedInterfaceOrientations_iPhone = "UIInterfaceOrientationPortrait UIInterfaceOrientationLandscapeLeft UIInterfaceOrientationLandscapeRight";
				LD_RUNPATH_SEARCH_PATHS = (
					"$(inherited)",
					"@executable_path/Frameworks",
				);
				MARKETING_VERSION = 1.0;
				PRODUCT_BUNDLE_IDENTIFIER = com.iOS.camp.MyMemo;
				PRODUCT_NAME = "$(TARGET_NAME)";
				SWIFT_EMIT_LOC_STRINGS = YES;
				SWIFT_VERSION = 5.0;
				TARGETED_DEVICE_FAMILY = "1,2";
			};
			name = Debug;
		};
		104037192A78AAFD00DE03EE /* Release */ = {
			isa = XCBuildConfiguration;
			buildSettings = {
				ASSETCATALOG_COMPILER_APPICON_NAME = AppIcon;
				ASSETCATALOG_COMPILER_GLOBAL_ACCENT_COLOR_NAME = AccentColor;
				CODE_SIGN_STYLE = Automatic;
				CURRENT_PROJECT_VERSION = 1;
				DEVELOPMENT_TEAM = 7425535F6V;
				GENERATE_INFOPLIST_FILE = YES;
				INFOPLIST_FILE = MyMemo/Info.plist;
				INFOPLIST_KEY_UIApplicationSupportsIndirectInputEvents = YES;
				INFOPLIST_KEY_UILaunchStoryboardName = LaunchScreen;
				INFOPLIST_KEY_UIMainStoryboardFile = Main;
				INFOPLIST_KEY_UISupportedInterfaceOrientations_iPad = "UIInterfaceOrientationPortrait UIInterfaceOrientationPortraitUpsideDown UIInterfaceOrientationLandscapeLeft UIInterfaceOrientationLandscapeRight";
				INFOPLIST_KEY_UISupportedInterfaceOrientations_iPhone = "UIInterfaceOrientationPortrait UIInterfaceOrientationLandscapeLeft UIInterfaceOrientationLandscapeRight";
				LD_RUNPATH_SEARCH_PATHS = (
					"$(inherited)",
					"@executable_path/Frameworks",
				);
				MARKETING_VERSION = 1.0;
				PRODUCT_BUNDLE_IDENTIFIER = com.iOS.camp.MyMemo;
				PRODUCT_NAME = "$(TARGET_NAME)";
				SWIFT_EMIT_LOC_STRINGS = YES;
				SWIFT_VERSION = 5.0;
				TARGETED_DEVICE_FAMILY = "1,2";
			};
			name = Release;
		};
/* End XCBuildConfiguration section */

/* Begin XCConfigurationList section */
		104036FE2A78AAFB00DE03EE /* Build configuration list for PBXProject "MyMemo" */ = {
			isa = XCConfigurationList;
			buildConfigurations = (
				104037152A78AAFD00DE03EE /* Debug */,
				104037162A78AAFD00DE03EE /* Release */,
			);
			defaultConfigurationIsVisible = 0;
			defaultConfigurationName = Release;
		};
		104037172A78AAFD00DE03EE /* Build configuration list for PBXNativeTarget "MyMemo" */ = {
			isa = XCConfigurationList;
			buildConfigurations = (
				104037182A78AAFD00DE03EE /* Debug */,
				104037192A78AAFD00DE03EE /* Release */,
			);
			defaultConfigurationIsVisible = 0;
			defaultConfigurationName = Release;
		};
/* End XCConfigurationList section */
	};
	rootObject = 104036FB2A78AAFB00DE03EE /* Project object */;
}
